
Microsoft Visual Studio Solution File, Format Version 12.00
# Visual Studio Version 16
VisualStudioVersion = 16.0.31729.503
MinimumVisualStudioVersion = 10.0.40219.1
Project("{FAE04EC0-301F-11D3-BF4B-00C04F79EFBC}") = "PlotlyGen", "PlotlyGen\PlotlyGen.csproj", "{F156C3AF-CE6C-4D3D-986D-A86030476DBD}"
EndProject
Global
	GlobalSection(SolutionConfigurationPlatforms) = preSolution
		Debug|Any CPU = Debug|Any CPU
		Release|Any CPU = Release|Any CPU
	EndGlobalSection
	GlobalSection(ProjectConfigurationPlatforms) = postSolution
		{F156C3AF-CE6C-4D3D-986D-A86030476DBD}.Debug|Any CPU.ActiveCfg = Debug|Any CPU
		{F156C3AF-CE6C-4D3D-986D-A86030476DBD}.Debug|Any CPU.Build.0 = Debug|Any CPU
		{F156C3AF-CE6C-4D3D-986D-A86030476DBD}.Release|Any CPU.ActiveCfg = Release|Any CPU
		{F156C3AF-CE6C-4D3D-986D-A86030476DBD}.Release|Any CPU.Build.0 = Release|Any CPU
	EndGlobalSection
	GlobalSection(SolutionProperties) = preSolution
		HideSolutionNode = FALSE
	EndGlobalSection
	GlobalSection(ExtensibilityGlobals) = postSolution
		SolutionGuid = {917A2831-BF74-47F5-A871-46B2B196E3D8}
	EndGlobalSection
EndGlobal
